// !$*UTF8*$!
{
	archiveVersion = 1;
	classes = {
	};
	objectVersion = 56;
	objects = {

/* Begin PBXBuildFile section */
		1F4D56BD2A270C890016C561 /* AppDelegate.swift in Sources */ = {isa = PBXBuildFile; fileRef = 1F4D56BC2A270C890016C561 /* AppDelegate.swift */; };
		1F4D56BF2A270C890016C561 /* SceneDelegate.swift in Sources */ = {isa = PBXBuildFile; fileRef = 1F4D56BE2A270C890016C561 /* SceneDelegate.swift */; };
		1F4D56C12A270C890016C561 /* ViewController.swift in Sources */ = {isa = PBXBuildFile; fileRef = 1F4D56C02A270C890016C561 /* ViewController.swift */; };
		1F4D56C42A270C890016C561 /* Main.storyboard in Resources */ = {isa = PBXBuildFile; fileRef = 1F4D56C22A270C890016C561 /* Main.storyboard */; };
		1F4D56C62A270C890016C561 /* Assets.xcassets in Resources */ = {isa = PBXBuildFile; fileRef = 1F4D56C52A270C890016C561 /* Assets.xcassets */; };
		1F4D56C92A270C890016C561 /* LaunchScreen.storyboard in Resources */ = {isa = PBXBuildFile; fileRef = 1F4D56C72A270C890016C561 /* LaunchScreen.storyboard */; };
		1F4D56D12A270E6B0016C561 /* download.jpeg in Resources */ = {isa = PBXBuildFile; fileRef = 1F4D56D02A270E6B0016C561 /* download.jpeg */; };
		1F4D56D32A270F680016C561 /* myCollectionViewCell.swift in Sources */ = {isa = PBXBuildFile; fileRef = 1F4D56D22A270F680016C561 /* myCollectionViewCell.swift */; };
/* End PBXBuildFile section */

/* Begin PBXFileReference section */
		1F4D56B92A270C890016C561 /* DragAndDropCollectionViewCell.app */ = {isa = PBXFileReference; explicitFileType = wrapper.application; includeInIndex = 0; path = DragAndDropCollectionViewCell.app; sourceTree = BUILT_PRODUCTS_DIR; };
		1F4D56BC2A270C890016C561 /* AppDelegate.swift */ = {isa = PBXFileReference; lastKnownFileType = sourcecode.swift; path = AppDelegate.swift; sourceTree = "<group>"; };
		1F4D56BE2A270C890016C561 /* SceneDelegate.swift */ = {isa = PBXFileReference; lastKnownFileType = sourcecode.swift; path = SceneDelegate.swift; sourceTree = "<group>"; };
		1F4D56C02A270C890016C561 /* ViewController.swift */ = {isa = PBXFileReference; lastKnownFileType = sourcecode.swift; path = ViewController.swift; sourceTree = "<group>"; };
		1F4D56C32A270C890016C561 /* Base */ = {isa = PBXFileReference; lastKnownFileType = file.storyboard; name = Base; path = Base.lproj/Main.storyboard; sourceTree = "<group>"; };
		1F4D56C52A270C890016C561 /* Assets.xcassets */ = {isa = PBXFileReference; lastKnownFileType = folder.assetcatalog; path = Assets.xcassets; sourceTree = "<group>"; };
		1F4D56C82A270C890016C561 /* Base */ = {isa = PBXFileReference; lastKnownFileType = file.storyboard; name = Base; path = Base.lproj/LaunchScreen.storyboard; sourceTree = "<group>"; };
		1F4D56CA2A270C890016C561 /* Info.plist */ = {isa = PBXFileReference; lastKnownFileType = text.plist.xml; path = Info.plist; sourceTree = "<group>"; };
		1F4D56D02A270E6B0016C561 /* download.jpeg */ = {isa = PBXFileReference; lastKnownFileType = image.jpeg; path = download.jpeg; sourceTree = "<group>"; };
		1F4D56D22A270F680016C561 /* myCollectionViewCell.swift */ = {isa = PBXFileReference; lastKnownFileType = sourcecode.swift; path = myCollectionViewCell.swift; sourceTree = "<group>"; };
/* End PBXFileReference section */

/* Begin PBXFrameworksBuildPhase section */
		1F4D56B62A270C890016C561 /* Frameworks */ = {
			isa = PBXFrameworksBuildPhase;
			buildActionMask = 2147483647;
			files = (
			);
			runOnlyForDeploymentPostprocessing = 0;
		};
/* End PBXFrameworksBuildPhase section */

/* Begin PBXGroup section */
		1F4D56B02A270C890016C561 = {
			isa = PBXGroup;
			children = (
				1F4D56BB2A270C890016C561 /* DragAndDropCollectionViewCell */,
				1F4D56BA2A270C890016C561 /* Products */,
			);
			sourceTree = "<group>";
		};
		1F4D56BA2A270C890016C561 /* Products */ = {
			isa = PBXGroup;
			children = (
				1F4D56B92A270C890016C561 /* DragAndDropCollectionViewCell.app */,
			);
			name = Products;
			sourceTree = "<group>";
		};
		1F4D56BB2A270C890016C561 /* DragAndDropCollectionViewCell */ = {
			isa = PBXGroup;
			children = (
				1F4D56BC2A270C890016C561 /* AppDelegate.swift */,
				1F4D56BE2A270C890016C561 /* SceneDelegate.swift */,
				1F4D56C02A270C890016C561 /* ViewController.swift */,
				1F4D56C22A270C890016C561 /* Main.storyboard */,
				1F4D56D22A270F680016C561 /* myCollectionViewCell.swift */,
				1F4D56C52A270C890016C561 /* Assets.xcassets */,
				1F4D56D02A270E6B0016C561 /* download.jpeg */,
				1F4D56C72A270C890016C561 /* LaunchScreen.storyboard */,
				1F4D56CA2A270C890016C561 /* Info.plist */,
			);
			path = DragAndDropCollectionViewCell;
			sourceTree = "<group>";
		};
/* End PBXGroup section */

/* Begin PBXNativeTarget section */
		1F4D56B82A270C890016C561 /* DragAndDropCollectionViewCell */ = {
			isa = PBXNativeTarget;
			buildConfigurationList = 1F4D56CD2A270C890016C561 /* Build configuration list for PBXNativeTarget "DragAndDropCollectionViewCell" */;
			buildPhases = (
				1F4D56B52A270C890016C561 /* Sources */,
				1F4D56B62A270C890016C561 /* Frameworks */,
				1F4D56B72A270C890016C561 /* Resources */,
			);
			buildRules = (
			);
			dependencies = (
			);
			name = DragAndDropCollectionViewCell;
			productName = DragAndDropCollectionViewCell;
			productReference = 1F4D56B92A270C890016C561 /* DragAndDropCollectionViewCell.app */;
			productType = "com.apple.product-type.application";
		};
/* End PBXNativeTarget section */

/* Begin PBXProject section */
		1F4D56B12A270C890016C561 /* Project object */ = {
			isa = PBXProject;
			attributes = {
				BuildIndependentTargetsInParallel = 1;
				LastSwiftUpdateCheck = 1420;
				LastUpgradeCheck = 1420;
				TargetAttributes = {
					1F4D56B82A270C890016C561 = {
						CreatedOnToolsVersion = 14.2;
					};
				};
			};
			buildConfigurationList = 1F4D56B42A270C890016C561 /* Build configuration list for PBXProject "DragAndDropCollectionViewCell" */;
			compatibilityVersion = "Xcode 14.0";
			developmentRegion = en;
			hasScannedForEncodings = 0;
			knownRegions = (
				en,
				Base,
			);
			mainGroup = 1F4D56B02A270C890016C561;
			productRefGroup = 1F4D56BA2A270C890016C561 /* Products */;
			projectDirPath = "";
			projectRoot = "";
			targets = (
				1F4D56B82A270C890016C561 /* DragAndDropCollectionViewCell */,
			);
		};
/* End PBXProject section */

/* Begin PBXResourcesBuildPhase section */
		1F4D56B72A270C890016C561 /* Resources */ = {
			isa = PBXResourcesBuildPhase;
			buildActionMask = 2147483647;
			files = (
				1F4D56C92A270C890016C561 /* LaunchScreen.storyboard in Resources */,
				1F4D56D12A270E6B0016C561 /* download.jpeg in Resources */,
				1F4D56C62A270C890016C561 /* Assets.xcassets in Resources */,
				1F4D56C42A270C890016C561 /* Main.storyboard in Resources */,
			);
			runOnlyForDeploymentPostprocessing = 0;
		};
/* End PBXResourcesBuildPhase section */

/* Begin PBXSourcesBuildPhase section */
		1F4D56B52A270C890016C561 /* Sources */ = {
			isa = PBXSourcesBuildPhase;
			buildActionMask = 2147483647;
			files = (
				1F4D56C12A270C890016C561 /* ViewController.swift in Sources */,
				1F4D56BD2A270C890016C561 /* AppDelegate.swift in Sources */,
				1F4D56D32A270F680016C561 /* myCollectionViewCell.swift in Sources */,
				1F4D56BF2A270C890016C561 /* SceneDelegate.swift in Sources */,
			);
			runOnlyForDeploymentPostprocessing = 0;
		};
/* End PBXSourcesBuildPhase section */

/* Begin PBXVariantGroup section */
		1F4D56C22A270C890016C561 /* Main.storyboard */ = {
			isa = PBXVariantGroup;
			children = (
				1F4D56C32A270C890016C561 /* Base */,
			);
			name = Main.storyboard;
			sourceTree = "<group>";
		};
		1F4D56C72A270C890016C561 /* LaunchScreen.storyboard */ = {
			isa = PBXVariantGroup;
			children = (
				1F4D56C82A270C890016C561 /* Base */,
			);
			name = LaunchScreen.storyboard;
			sourceTree = "<group>";
		};
/* End PBXVariantGroup section */

/* Begin XCBuildConfiguration section */
		1F4D56CB2A270C890016C561 /* Debug */ = {
			isa = XCBuildConfiguration;
			buildSettings = {
				ALWAYS_SEARCH_USER_PATHS = NO;
				CLANG_ANALYZER_NONNULL = YES;
				CLANG_ANALYZER_NUMBER_OBJECT_CONVERSION = YES_AGGRESSIVE;
				CLANG_CXX_LANGUAGE_STANDARD = "gnu++20";
				CLANG_ENABLE_MODULES = YES;
				CLANG_ENABLE_OBJC_ARC = YES;
				CLANG_ENABLE_OBJC_WEAK = YES;
				CLANG_WARN_BLOCK_CAPTURE_AUTORELEASING = YES;
				CLANG_WARN_BOOL_CONVERSION = YES;
				CLANG_WARN_COMMA = YES;
				CLANG_WARN_CONSTANT_CONVERSION = YES;
				CLANG_WARN_DEPRECATED_OBJC_IMPLEMENTATIONS = YES;
				CLANG_WARN_DIRECT_OBJC_ISA_USAGE = YES_ERROR;
				CLANG_WARN_DOCUMENTATION_COMMENTS = YES;
				CLANG_WARN_EMPTY_BODY = YES;
				CLANG_WARN_ENUM_CONVERSION = YES;
				CLANG_WARN_INFINITE_RECURSION = YES;
				CLANG_WARN_INT_CONVERSION = YES;
				CLANG_WARN_NON_LITERAL_NULL_CONVERSION = YES;
				CLANG_WARN_OBJC_IMPLICIT_RETAIN_SELF = YES;
				CLANG_WARN_OBJC_LITERAL_CONVERSION = YES;
				CLANG_WARN_OBJC_ROOT_CLASS = YES_ERROR;
				CLANG_WARN_QUOTED_INCLUDE_IN_FRAMEWORK_HEADER = YES;
				CLANG_WARN_RANGE_LOOP_ANALYSIS = YES;
				CLANG_WARN_STRICT_PROTOTYPES = YES;
				CLANG_WARN_SUSPICIOUS_MOVE = YES;
				CLANG_WARN_UNGUARDED_AVAILABILITY = YES_AGGRESSIVE;
				CLANG_WARN_UNREACHABLE_CODE = YES;
				CLANG_WARN__DUPLICATE_METHOD_MATCH = YES;
				COPY_PHASE_STRIP = NO;
				DEBUG_INFORMATION_FORMAT = dwarf;
				ENABLE_STRICT_OBJC_MSGSEND = YES;
				ENABLE_TESTABILITY = YES;
				GCC_C_LANGUAGE_STANDARD = gnu11;
				GCC_DYNAMIC_NO_PIC = NO;
				GCC_NO_COMMON_BLOCKS = YES;
				GCC_OPTIMIZATION_LEVEL = 0;
				GCC_PREPROCESSOR_DEFINITIONS = (
					"DEBUG=1",
					"$(inherited)",
				);
				GCC_WARN_64_TO_32_BIT_CONVERSION = YES;
				GCC_WARN_ABOUT_RETURN_TYPE = YES_ERROR;
				GCC_WARN_UNDECLARED_SELECTOR = YES;
				GCC_WARN_UNINITIALIZED_AUTOS = YES_AGGRESSIVE;
				GCC_WARN_UNUSED_FUNCTION = YES;
				GCC_WARN_UNUSED_VARIABLE = YES;
				IPHONEOS_DEPLOYMENT_TARGET = 16.2;
				MTL_ENABLE_DEBUG_INFO = INCLUDE_SOURCE;
				MTL_FAST_MATH = YES;
				ONLY_ACTIVE_ARCH = YES;
				SDKROOT = iphoneos;
				SWIFT_ACTIVE_COMPILATION_CONDITIONS = DEBUG;
				SWIFT_OPTIMIZATION_LEVEL = "-Onone";
			};
			name = Debug;
		};
		1F4D56CC2A270C890016C561 /* Release */ = {
			isa = XCBuildConfiguration;
			buildSettings = {
				ALWAYS_SEARCH_USER_PATHS = NO;
				CLANG_ANALYZER_NONNULL = YES;
				CLANG_ANALYZER_NUMBER_OBJECT_CONVERSION = YES_AGGRESSIVE;
				CLANG_CXX_LANGUAGE_STANDARD = "gnu++20";
				CLANG_ENABLE_MODULES = YES;
				CLANG_ENABLE_OBJC_ARC = YES;
				CLANG_ENABLE_OBJC_WEAK = YES;
				CLANG_WARN_BLOCK_CAPTURE_AUTORELEASING = YES;
				CLANG_WARN_BOOL_CONVERSION = YES;
				CLANG_WARN_COMMA = YES;
				CLANG_WARN_CONSTANT_CONVERSION = YES;
				CLANG_WARN_DEPRECATED_OBJC_IMPLEMENTATIONS = YES;
				CLANG_WARN_DIRECT_OBJC_ISA_USAGE = YES_ERROR;
				CLANG_WARN_DOCUMENTATION_COMMENTS = YES;
				CLANG_WARN_EMPTY_BODY = YES;
				CLANG_WARN_ENUM_CONVERSION = YES;
				CLANG_WARN_INFINITE_RECURSION = YES;
				CLANG_WARN_INT_CONVERSION = YES;
				CLANG_WARN_NON_LITERAL_NULL_CONVERSION = YES;
				CLANG_WARN_OBJC_IMPLICIT_RETAIN_SELF = YES;
				CLANG_WARN_OBJC_LITERAL_CONVERSION = YES;
				CLANG_WARN_OBJC_ROOT_CLASS = YES_ERROR;
				CLANG_WARN_QUOTED_INCLUDE_IN_FRAMEWORK_HEADER = YES;
				CLANG_WARN_RANGE_LOOP_ANALYSIS = YES;
				CLANG_WARN_STRICT_PROTOTYPES = YES;
				CLANG_WARN_SUSPICIOUS_MOVE = YES;
				CLANG_WARN_UNGUARDED_AVAILABILITY = YES_AGGRESSIVE;
				CLANG_WARN_UNREACHABLE_CODE = YES;
				CLANG_WARN__DUPLICATE_METHOD_MATCH = YES;
				COPY_PHASE_STRIP = NO;
				DEBUG_INFORMATION_FORMAT = "dwarf-with-dsym";
				ENABLE_NS_ASSERTIONS = NO;
				ENABLE_STRICT_OBJC_MSGSEND = YES;
				GCC_C_LANGUAGE_STANDARD = gnu11;
				GCC_NO_COMMON_BLOCKS = YES;
				GCC_WARN_64_TO_32_BIT_CONVERSION = YES;
				GCC_WARN_ABOUT_RETURN_TYPE = YES_ERROR;
				GCC_WARN_UNDECLARED_SELECTOR = YES;
				GCC_WARN_UNINITIALIZED_AUTOS = YES_AGGRESSIVE;
				GCC_WARN_UNUSED_FUNCTION = YES;
				GCC_WARN_UNUSED_VARIABLE = YES;
				IPHONEOS_DEPLOYMENT_TARGET = 16.2;
				MTL_ENABLE_DEBUG_INFO = NO;
				MTL_FAST_MATH = YES;
				SDKROOT = iphoneos;
				SWIFT_COMPILATION_MODE = wholemodule;
				SWIFT_OPTIMIZATION_LEVEL = "-O";
				VALIDATE_PRODUCT = YES;
			};
			name = Release;
		};
		1F4D56CE2A270C890016C561 /* Debug */ = {
			isa = XCBuildConfiguration;
			buildSettings = {
				ASSETCATALOG_COMPILER_APPICON_NAME = AppIcon;
				ASSETCATALOG_COMPILER_GLOBAL_ACCENT_COLOR_NAME = AccentColor;
				CODE_SIGN_STYLE = Automatic;
				CURRENT_PROJECT_VERSION = 1;
				DEVELOPMENT_TEAM = R94BP8S4YC;
				GENERATE_INFOPLIST_FILE = YES;
				INFOPLIST_FILE = DragAndDropCollectionViewCell/Info.plist;
				INFOPLIST_KEY_UIApplicationSupportsIndirectInputEvents = YES;
				INFOPLIST_KEY_UILaunchStoryboardName = LaunchScreen;
				INFOPLIST_KEY_UIMainStoryboardFile = Main;
				INFOPLIST_KEY_UISupportedInterfaceOrientations_iPad = "UIInterfaceOrientationPortrait UIInterfaceOrientationPortraitUpsideDown UIInterfaceOrientationLandscapeLeft UIInterfaceOrientationLandscapeRight";
				INFOPLIST_KEY_UISupportedInterfaceOrientations_iPhone = "UIInterfaceOrientationPortrait UIInterfaceOrientationLandscapeLeft UIInterfaceOrientationLandscapeRight";
				LD_RUNPATH_SEARCH_PATHS = (
					"$(inherited)",
					"@executable_path/Frameworks",
				);
				MARKETING_VERSION = 1.0;
				PRODUCT_BUNDLE_IDENTIFIER = com.phntech.phncareer.DragAndDropCollectionViewCell;
				PRODUCT_NAME = "$(TARGET_NAME)";
				SWIFT_EMIT_LOC_STRINGS = YES;
				SWIFT_VERSION = 5.0;
				TARGETED_DEVICE_FAMILY = "1,2";
			};
			name = Debug;
		};
		1F4D56CF2A270C890016C561 /* Release */ = {
			isa = XCBuildConfiguration;
			buildSettings = {
				ASSETCATALOG_COMPILER_APPICON_NAME = AppIcon;
				ASSETCATALOG_COMPILER_GLOBAL_ACCENT_COLOR_NAME = AccentColor;
				CODE_SIGN_STYLE = Automatic;
				CURRENT_PROJECT_VERSION = 1;
				DEVELOPMENT_TEAM = R94BP8S4YC;
				GENERATE_INFOPLIST_FILE = YES;
				INFOPLIST_FILE = DragAndDropCollectionViewCell/Info.plist;
				INFOPLIST_KEY_UIApplicationSupportsIndirectInputEvents = YES;
				INFOPLIST_KEY_UILaunchStoryboardName = LaunchScreen;
				INFOPLIST_KEY_UIMainStoryboardFile = Main;
				INFOPLIST_KEY_UISupportedInterfaceOrientations_iPad = "UIInterfaceOrientationPortrait UIInterfaceOrientationPortraitUpsideDown UIInterfaceOrientationLandscapeLeft UIInterfaceOrientationLandscapeRight";
				INFOPLIST_KEY_UISupportedInterfaceOrientations_iPhone = "UIInterfaceOrientationPortrait UIInterfaceOrientationLandscapeLeft UIInterfaceOrientationLandscapeRight";
				LD_RUNPATH_SEARCH_PATHS = (
					"$(inherited)",
					"@executable_path/Frameworks",
				);
				MARKETING_VERSION = 1.0;
				PRODUCT_BUNDLE_IDENTIFIER = com.phntech.phncareer.DragAndDropCollectionViewCell;
				PRODUCT_NAME = "$(TARGET_NAME)";
				SWIFT_EMIT_LOC_STRINGS = YES;
				SWIFT_VERSION = 5.0;
				TARGETED_DEVICE_FAMILY = "1,2";
			};
			name = Release;
		};
/* End XCBuildConfiguration section */

/* Begin XCConfigurationList section */
		1F4D56B42A270C890016C561 /* Build configuration list for PBXProject "DragAndDropCollectionViewCell" */ = {
			isa = XCConfigurationList;
			buildConfigurations = (
				1F4D56CB2A270C890016C561 /* Debug */,
				1F4D56CC2A270C890016C561 /* Release */,
			);
			defaultConfigurationIsVisible = 0;
			defaultConfigurationName = Release;
		};
		1F4D56CD2A270C890016C561 /* Build configuration list for PBXNativeTarget "DragAndDropCollectionViewCell" */ = {
			isa = XCConfigurationList;
			buildConfigurations = (
				1F4D56CE2A270C890016C561 /* Debug */,
				1F4D56CF2A270C890016C561 /* Release */,
			);
			defaultConfigurationIsVisible = 0;
			defaultConfigurationName = Release;
		};
/* End XCConfigurationList section */
	};
	rootObject = 1F4D56B12A270C890016C561 /* Project object */;
}
